// !$*UTF8*$!
{
	archiveVersion = 1;
	classes = {
	};
	objectVersion = 46;
	objects = {

/* Begin PBXBuildFile section */
		01001CF81C8266C300E14760 /* MainViewController.swift in Sources */ = {isa = PBXBuildFile; fileRef = 01001CF71C8266C300E14760 /* MainViewController.swift */; };
		01773AEC1C80A3960063339C /* AppDelegate.swift in Sources */ = {isa = PBXBuildFile; fileRef = 01773AEB1C80A3960063339C /* AppDelegate.swift */; };
		01773AEE1C80A3960063339C /* ManualControlController.swift in Sources */ = {isa = PBXBuildFile; fileRef = 01773AED1C80A3960063339C /* ManualControlController.swift */; };
		01773AF01C80A3960063339C /* AutonomousControlController.swift in Sources */ = {isa = PBXBuildFile; fileRef = 01773AEF1C80A3960063339C /* AutonomousControlController.swift */; };
		01773AF31C80A3960063339C /* Main.storyboard in Resources */ = {isa = PBXBuildFile; fileRef = 01773AF11C80A3960063339C /* Main.storyboard */; };
		01773AF51C80A3960063339C /* Assets.xcassets in Resources */ = {isa = PBXBuildFile; fileRef = 01773AF41C80A3960063339C /* Assets.xcassets */; };
		01773AF81C80A3960063339C /* LaunchScreen.storyboard in Resources */ = {isa = PBXBuildFile; fileRef = 01773AF61C80A3960063339C /* LaunchScreen.storyboard */; };
		01773B031C80A3970063339C /* autonomous_driving_appTests.swift in Sources */ = {isa = PBXBuildFile; fileRef = 01773B021C80A3970063339C /* autonomous_driving_appTests.swift */; };
		01773B0E1C80A3970063339C /* autonomous_driving_appUITests.swift in Sources */ = {isa = PBXBuildFile; fileRef = 01773B0D1C80A3970063339C /* autonomous_driving_appUITests.swift */; };
		01773B201C80B9120063339C /* OutputContoller.swift in Sources */ = {isa = PBXBuildFile; fileRef = 01773B1F1C80B9120063339C /* OutputContoller.swift */; };
		74CA947197E819F28976449F /* Pods_autonomous_driving_app.framework in Frameworks */ = {isa = PBXBuildFile; fileRef = 858A52C5849922F8B570FC19 /* Pods_autonomous_driving_app.framework */; };
		8E9ED3241C89EBA3004FDA09 /* Car.swift in Sources */ = {isa = PBXBuildFile; fileRef = 8E9ED3231C89EBA3004FDA09 /* Car.swift */; };
		8EBDE1511C9061D600784223 /* DataSocket.swift in Sources */ = {isa = PBXBuildFile; fileRef = 8EBDE1501C9061D600784223 /* DataSocket.swift */; };
		8EBDE1531C9061E400784223 /* VideoSocket.swift in Sources */ = {isa = PBXBuildFile; fileRef = 8EBDE1521C9061E400784223 /* VideoSocket.swift */; };
		8EBDE1551C9061F200784223 /* RemoteControl.swift in Sources */ = {isa = PBXBuildFile; fileRef = 8EBDE1541C9061F200784223 /* RemoteControl.swift */; };
		8EF7DA8A1C89B08900CB7AAC /* Socket.swift in Sources */ = {isa = PBXBuildFile; fileRef = 8EF7DA891C89B08900CB7AAC /* Socket.swift */; };
		B3167EA61C91ADC20035A0C0 /* Video.swift in Sources */ = {isa = PBXBuildFile; fileRef = B3167EA51C91ADC20035A0C0 /* Video.swift */; };
/* End PBXBuildFile section */

/* Begin PBXContainerItemProxy section */
		01773AFF1C80A3970063339C /* PBXContainerItemProxy */ = {
			isa = PBXContainerItemProxy;
			containerPortal = 01773AE01C80A3960063339C /* Project object */;
			proxyType = 1;
			remoteGlobalIDString = 01773AE71C80A3960063339C;
			remoteInfo = "autonomous-driving-app";
		};
		01773B0A1C80A3970063339C /* PBXContainerItemProxy */ = {
			isa = PBXContainerItemProxy;
			containerPortal = 01773AE01C80A3960063339C /* Project object */;
			proxyType = 1;
			remoteGlobalIDString = 01773AE71C80A3960063339C;
			remoteInfo = "autonomous-driving-app";
		};
/* End PBXContainerItemProxy section */

/* Begin PBXFileReference section */
		01001CF71C8266C300E14760 /* MainViewController.swift */ = {isa = PBXFileReference; fileEncoding = 4; lastKnownFileType = sourcecode.swift; path = MainViewController.swift; sourceTree = "<group>"; };
		01773AE81C80A3960063339C /* autonomous-driving-app.app */ = {isa = PBXFileReference; explicitFileType = wrapper.application; includeInIndex = 0; path = "autonomous-driving-app.app"; sourceTree = BUILT_PRODUCTS_DIR; };
		01773AEB1C80A3960063339C /* AppDelegate.swift */ = {isa = PBXFileReference; lastKnownFileType = sourcecode.swift; path = AppDelegate.swift; sourceTree = "<group>"; };
		01773AED1C80A3960063339C /* ManualControlController.swift */ = {isa = PBXFileReference; lastKnownFileType = sourcecode.swift; path = ManualControlController.swift; sourceTree = "<group>"; };
		01773AEF1C80A3960063339C /* AutonomousControlController.swift */ = {isa = PBXFileReference; lastKnownFileType = sourcecode.swift; path = AutonomousControlController.swift; sourceTree = "<group>"; };
		01773AF21C80A3960063339C /* Base */ = {isa = PBXFileReference; lastKnownFileType = file.storyboard; name = Base; path = Base.lproj/Main.storyboard; sourceTree = "<group>"; };
		01773AF41C80A3960063339C /* Assets.xcassets */ = {isa = PBXFileReference; lastKnownFileType = folder.assetcatalog; path = Assets.xcassets; sourceTree = "<group>"; };
		01773AF71C80A3960063339C /* Base */ = {isa = PBXFileReference; lastKnownFileType = file.storyboard; name = Base; path = Base.lproj/LaunchScreen.storyboard; sourceTree = "<group>"; };
		01773AF91C80A3960063339C /* Info.plist */ = {isa = PBXFileReference; lastKnownFileType = text.plist.xml; path = Info.plist; sourceTree = "<group>"; };
		01773AFE1C80A3970063339C /* autonomous-driving-appTests.xctest */ = {isa = PBXFileReference; explicitFileType = wrapper.cfbundle; includeInIndex = 0; path = "autonomous-driving-appTests.xctest"; sourceTree = BUILT_PRODUCTS_DIR; };
		01773B021C80A3970063339C /* autonomous_driving_appTests.swift */ = {isa = PBXFileReference; lastKnownFileType = sourcecode.swift; path = autonomous_driving_appTests.swift; sourceTree = "<group>"; };
		01773B041C80A3970063339C /* Info.plist */ = {isa = PBXFileReference; lastKnownFileType = text.plist.xml; path = Info.plist; sourceTree = "<group>"; };
		01773B091C80A3970063339C /* autonomous-driving-appUITests.xctest */ = {isa = PBXFileReference; explicitFileType = wrapper.cfbundle; includeInIndex = 0; path = "autonomous-driving-appUITests.xctest"; sourceTree = BUILT_PRODUCTS_DIR; };
		01773B0D1C80A3970063339C /* autonomous_driving_appUITests.swift */ = {isa = PBXFileReference; lastKnownFileType = sourcecode.swift; path = autonomous_driving_appUITests.swift; sourceTree = "<group>"; };
		01773B0F1C80A3970063339C /* Info.plist */ = {isa = PBXFileReference; lastKnownFileType = text.plist.xml; path = Info.plist; sourceTree = "<group>"; };
		01773B1F1C80B9120063339C /* OutputContoller.swift */ = {isa = PBXFileReference; fileEncoding = 4; lastKnownFileType = sourcecode.swift; path = OutputContoller.swift; sourceTree = "<group>"; };
		63ABFA74AF1F5BFE2BC74A29 /* Pods-autonomous-driving-app.release.xcconfig */ = {isa = PBXFileReference; includeInIndex = 1; lastKnownFileType = text.xcconfig; name = "Pods-autonomous-driving-app.release.xcconfig"; path = "Pods/Target Support Files/Pods-autonomous-driving-app/Pods-autonomous-driving-app.release.xcconfig"; sourceTree = "<group>"; };
		858A52C5849922F8B570FC19 /* Pods_autonomous_driving_app.framework */ = {isa = PBXFileReference; explicitFileType = wrapper.framework; includeInIndex = 0; path = Pods_autonomous_driving_app.framework; sourceTree = BUILT_PRODUCTS_DIR; };
		8E9ED3231C89EBA3004FDA09 /* Car.swift */ = {isa = PBXFileReference; fileEncoding = 4; lastKnownFileType = sourcecode.swift; path = Car.swift; sourceTree = "<group>"; };
		8EBDE14C1C8E2CDC00784223 /* autonomous-driving-app-Bridging-Header.h */ = {isa = PBXFileReference; lastKnownFileType = sourcecode.c.h; path = "autonomous-driving-app-Bridging-Header.h"; sourceTree = "<group>"; };
		8EBDE1501C9061D600784223 /* DataSocket.swift */ = {isa = PBXFileReference; fileEncoding = 4; lastKnownFileType = sourcecode.swift; path = DataSocket.swift; sourceTree = "<group>"; };
		8EBDE1521C9061E400784223 /* VideoSocket.swift */ = {isa = PBXFileReference; fileEncoding = 4; lastKnownFileType = sourcecode.swift; path = VideoSocket.swift; sourceTree = "<group>"; };
		8EBDE1541C9061F200784223 /* RemoteControl.swift */ = {isa = PBXFileReference; fileEncoding = 4; lastKnownFileType = sourcecode.swift; path = RemoteControl.swift; sourceTree = "<group>"; };
		8EF7DA891C89B08900CB7AAC /* Socket.swift */ = {isa = PBXFileReference; fileEncoding = 4; lastKnownFileType = sourcecode.swift; path = Socket.swift; sourceTree = "<group>"; };
		B3167EA51C91ADC20035A0C0 /* Video.swift */ = {isa = PBXFileReference; fileEncoding = 4; lastKnownFileType = sourcecode.swift; path = Video.swift; sourceTree = "<group>"; };
		E98F9F51D9EB07A449DFA34E /* Pods-autonomous-driving-app.debug.xcconfig */ = {isa = PBXFileReference; includeInIndex = 1; lastKnownFileType = text.xcconfig; name = "Pods-autonomous-driving-app.debug.xcconfig"; path = "Pods/Target Support Files/Pods-autonomous-driving-app/Pods-autonomous-driving-app.debug.xcconfig"; sourceTree = "<group>"; };
/* End PBXFileReference section */

/* Begin PBXFrameworksBuildPhase section */
		01773AE51C80A3960063339C /* Frameworks */ = {
			isa = PBXFrameworksBuildPhase;
			buildActionMask = 2147483647;
			files = (
				74CA947197E819F28976449F /* Pods_autonomous_driving_app.framework in Frameworks */,
			);
			runOnlyForDeploymentPostprocessing = 0;
		};
		01773AFB1C80A3970063339C /* Frameworks */ = {
			isa = PBXFrameworksBuildPhase;
			buildActionMask = 2147483647;
			files = (
			);
			runOnlyForDeploymentPostprocessing = 0;
		};
		01773B061C80A3970063339C /* Frameworks */ = {
			isa = PBXFrameworksBuildPhase;
			buildActionMask = 2147483647;
			files = (
			);
			runOnlyForDeploymentPostprocessing = 0;
		};
/* End PBXFrameworksBuildPhase section */

/* Begin PBXGroup section */
		01773ADF1C80A3960063339C = {
			isa = PBXGroup;
			children = (
				01773AEA1C80A3960063339C /* autonomous-driving-app */,
				01773B011C80A3970063339C /* autonomous-driving-appTests */,
				01773B0C1C80A3970063339C /* autonomous-driving-appUITests */,
				01773AE91C80A3960063339C /* Products */,
				CE58DF308967F74650FAF363 /* Pods */,
				CA93281B66E81A94D39617E8 /* Frameworks */,
			);
			sourceTree = "<group>";
		};
		01773AE91C80A3960063339C /* Products */ = {
			isa = PBXGroup;
			children = (
				01773AE81C80A3960063339C /* autonomous-driving-app.app */,
				01773AFE1C80A3970063339C /* autonomous-driving-appTests.xctest */,
				01773B091C80A3970063339C /* autonomous-driving-appUITests.xctest */,
			);
			name = Products;
			sourceTree = "<group>";
		};
		01773AEA1C80A3960063339C /* autonomous-driving-app */ = {
			isa = PBXGroup;
			children = (
				01773AEB1C80A3960063339C /* AppDelegate.swift */,
				01773AED1C80A3960063339C /* ManualControlController.swift */,
				01773AEF1C80A3960063339C /* AutonomousControlController.swift */,
				01773B1F1C80B9120063339C /* OutputContoller.swift */,
				01773AF11C80A3960063339C /* Main.storyboard */,
				01001CF71C8266C300E14760 /* MainViewController.swift */,
				01773AF41C80A3960063339C /* Assets.xcassets */,
				01773AF61C80A3960063339C /* LaunchScreen.storyboard */,
				01773AF91C80A3960063339C /* Info.plist */,
				8EF7DA891C89B08900CB7AAC /* Socket.swift */,
				B3167EA51C91ADC20035A0C0 /* Video.swift */,
				8EBDE1521C9061E400784223 /* VideoSocket.swift */,
				8EBDE1501C9061D600784223 /* DataSocket.swift */,
				8E9ED3231C89EBA3004FDA09 /* Car.swift */,
				8EBDE1541C9061F200784223 /* RemoteControl.swift */,
				8EBDE14C1C8E2CDC00784223 /* autonomous-driving-app-Bridging-Header.h */,
			);
			path = "autonomous-driving-app";
			sourceTree = "<group>";
		};
		01773B011C80A3970063339C /* autonomous-driving-appTests */ = {
			isa = PBXGroup;
			children = (
				01773B021C80A3970063339C /* autonomous_driving_appTests.swift */,
				01773B041C80A3970063339C /* Info.plist */,
			);
			path = "autonomous-driving-appTests";
			sourceTree = "<group>";
		};
		01773B0C1C80A3970063339C /* autonomous-driving-appUITests */ = {
			isa = PBXGroup;
			children = (
				01773B0D1C80A3970063339C /* autonomous_driving_appUITests.swift */,
				01773B0F1C80A3970063339C /* Info.plist */,
			);
			path = "autonomous-driving-appUITests";
			sourceTree = "<group>";
		};
		CA93281B66E81A94D39617E8 /* Frameworks */ = {
			isa = PBXGroup;
			children = (
				858A52C5849922F8B570FC19 /* Pods_autonomous_driving_app.framework */,
			);
			name = Frameworks;
			sourceTree = "<group>";
		};
		CE58DF308967F74650FAF363 /* Pods */ = {
			isa = PBXGroup;
			children = (
				E98F9F51D9EB07A449DFA34E /* Pods-autonomous-driving-app.debug.xcconfig */,
				63ABFA74AF1F5BFE2BC74A29 /* Pods-autonomous-driving-app.release.xcconfig */,
			);
			name = Pods;
			sourceTree = "<group>";
		};
/* End PBXGroup section */

/* Begin PBXNativeTarget section */
		01773AE71C80A3960063339C /* autonomous-driving-app */ = {
			isa = PBXNativeTarget;
			buildConfigurationList = 01773B121C80A3970063339C /* Build configuration list for PBXNativeTarget "autonomous-driving-app" */;
			buildPhases = (
				DF45A54D72FC73404F51755E /* Check Pods Manifest.lock */,
				01773AE41C80A3960063339C /* Sources */,
				01773AE51C80A3960063339C /* Frameworks */,
				01773AE61C80A3960063339C /* Resources */,
				148E4812F2EBB07F3B4EF22D /* Embed Pods Frameworks */,
				32A956A9794E8BF4338F825F /* Copy Pods Resources */,
			);
			buildRules = (
			);
			dependencies = (
			);
			name = "autonomous-driving-app";
			productName = "autonomous-driving-app";
			productReference = 01773AE81C80A3960063339C /* autonomous-driving-app.app */;
			productType = "com.apple.product-type.application";
		};
		01773AFD1C80A3970063339C /* autonomous-driving-appTests */ = {
			isa = PBXNativeTarget;
			buildConfigurationList = 01773B151C80A3970063339C /* Build configuration list for PBXNativeTarget "autonomous-driving-appTests" */;
			buildPhases = (
				01773AFA1C80A3970063339C /* Sources */,
				01773AFB1C80A3970063339C /* Frameworks */,
				01773AFC1C80A3970063339C /* Resources */,
			);
			buildRules = (
			);
			dependencies = (
				01773B001C80A3970063339C /* PBXTargetDependency */,
			);
			name = "autonomous-driving-appTests";
			productName = "autonomous-driving-appTests";
			productReference = 01773AFE1C80A3970063339C /* autonomous-driving-appTests.xctest */;
			productType = "com.apple.product-type.bundle.unit-test";
		};
		01773B081C80A3970063339C /* autonomous-driving-appUITests */ = {
			isa = PBXNativeTarget;
			buildConfigurationList = 01773B181C80A3970063339C /* Build configuration list for PBXNativeTarget "autonomous-driving-appUITests" */;
			buildPhases = (
				01773B051C80A3970063339C /* Sources */,
				01773B061C80A3970063339C /* Frameworks */,
				01773B071C80A3970063339C /* Resources */,
			);
			buildRules = (
			);
			dependencies = (
				01773B0B1C80A3970063339C /* PBXTargetDependency */,
			);
			name = "autonomous-driving-appUITests";
			productName = "autonomous-driving-appUITests";
			productReference = 01773B091C80A3970063339C /* autonomous-driving-appUITests.xctest */;
			productType = "com.apple.product-type.bundle.ui-testing";
		};
/* End PBXNativeTarget section */

/* Begin PBXProject section */
		01773AE01C80A3960063339C /* Project object */ = {
			isa = PBXProject;
			attributes = {
				LastSwiftUpdateCheck = 0720;
				LastUpgradeCheck = 0710;
				ORGANIZATIONNAME = "Kirsten Rauffer";
				TargetAttributes = {
					01773AE71C80A3960063339C = {
						CreatedOnToolsVersion = 7.1.1;
						DevelopmentTeam = DQKBW3BH7Z;
					};
					01773AFD1C80A3970063339C = {
						CreatedOnToolsVersion = 7.1.1;
						DevelopmentTeam = DQKBW3BH7Z;
						TestTargetID = 01773AE71C80A3960063339C;
					};
					01773B081C80A3970063339C = {
						CreatedOnToolsVersion = 7.1.1;
						DevelopmentTeam = DQKBW3BH7Z;
						TestTargetID = 01773AE71C80A3960063339C;
					};
				};
			};
			buildConfigurationList = 01773AE31C80A3960063339C /* Build configuration list for PBXProject "autonomous-driving-app" */;
			compatibilityVersion = "Xcode 3.2";
			developmentRegion = English;
			hasScannedForEncodings = 0;
			knownRegions = (
				en,
				Base,
			);
			mainGroup = 01773ADF1C80A3960063339C;
			productRefGroup = 01773AE91C80A3960063339C /* Products */;
			projectDirPath = "";
			projectRoot = "";
			targets = (
				01773AE71C80A3960063339C /* autonomous-driving-app */,
				01773AFD1C80A3970063339C /* autonomous-driving-appTests */,
				01773B081C80A3970063339C /* autonomous-driving-appUITests */,
			);
		};
/* End PBXProject section */

/* Begin PBXResourcesBuildPhase section */
		01773AE61C80A3960063339C /* Resources */ = {
			isa = PBXResourcesBuildPhase;
			buildActionMask = 2147483647;
			files = (
				01773AF81C80A3960063339C /* LaunchScreen.storyboard in Resources */,
				01773AF51C80A3960063339C /* Assets.xcassets in Resources */,
				01773AF31C80A3960063339C /* Main.storyboard in Resources */,
			);
			runOnlyForDeploymentPostprocessing = 0;
		};
		01773AFC1C80A3970063339C /* Resources */ = {
			isa = PBXResourcesBuildPhase;
			buildActionMask = 2147483647;
			files = (
			);
			runOnlyForDeploymentPostprocessing = 0;
		};
		01773B071C80A3970063339C /* Resources */ = {
			isa = PBXResourcesBuildPhase;
			buildActionMask = 2147483647;
			files = (
			);
			runOnlyForDeploymentPostprocessing = 0;
		};
/* End PBXResourcesBuildPhase section */

/* Begin PBXShellScriptBuildPhase section */
		148E4812F2EBB07F3B4EF22D /* Embed Pods Frameworks */ = {
			isa = PBXShellScriptBuildPhase;
			buildActionMask = 2147483647;
			files = (
			);
			inputPaths = (
			);
			name = "Embed Pods Frameworks";
			outputPaths = (
			);
			runOnlyForDeploymentPostprocessing = 0;
			shellPath = /bin/sh;
			shellScript = "\"${SRCROOT}/Pods/Target Support Files/Pods-autonomous-driving-app/Pods-autonomous-driving-app-frameworks.sh\"\n";
			showEnvVarsInLog = 0;
		};
		32A956A9794E8BF4338F825F /* Copy Pods Resources */ = {
			isa = PBXShellScriptBuildPhase;
			buildActionMask = 2147483647;
			files = (
			);
			inputPaths = (
			);
			name = "Copy Pods Resources";
			outputPaths = (
			);
			runOnlyForDeploymentPostprocessing = 0;
			shellPath = /bin/sh;
			shellScript = "\"${SRCROOT}/Pods/Target Support Files/Pods-autonomous-driving-app/Pods-autonomous-driving-app-resources.sh\"\n";
			showEnvVarsInLog = 0;
		};
		DF45A54D72FC73404F51755E /* Check Pods Manifest.lock */ = {
			isa = PBXShellScriptBuildPhase;
			buildActionMask = 2147483647;
			files = (
			);
			inputPaths = (
			);
			name = "Check Pods Manifest.lock";
			outputPaths = (
			);
			runOnlyForDeploymentPostprocessing = 0;
			shellPath = /bin/sh;
			shellScript = "diff \"${PODS_ROOT}/../Podfile.lock\" \"${PODS_ROOT}/Manifest.lock\" > /dev/null\nif [[ $? != 0 ]] ; then\n    cat << EOM\nerror: The sandbox is not in sync with the Podfile.lock. Run 'pod install' or update your CocoaPods installation.\nEOM\n    exit 1\nfi\n";
			showEnvVarsInLog = 0;
		};
/* End PBXShellScriptBuildPhase section */

/* Begin PBXSourcesBuildPhase section */
		01773AE41C80A3960063339C /* Sources */ = {
			isa = PBXSourcesBuildPhase;
			buildActionMask = 2147483647;
			files = (
				01773AF01C80A3960063339C /* AutonomousControlController.swift in Sources */,
				8EBDE1551C9061F200784223 /* RemoteControl.swift in Sources */,
				01773AEC1C80A3960063339C /* AppDelegate.swift in Sources */,
				8EF7DA8A1C89B08900CB7AAC /* Socket.swift in Sources */,
				01773AEE1C80A3960063339C /* ManualControlController.swift in Sources */,
				01773B201C80B9120063339C /* OutputContoller.swift in Sources */,
				8EBDE1531C9061E400784223 /* VideoSocket.swift in Sources */,
				B3167EA61C91ADC20035A0C0 /* Video.swift in Sources */,
				8E9ED3241C89EBA3004FDA09 /* Car.swift in Sources */,
				8EBDE1511C9061D600784223 /* DataSocket.swift in Sources */,
				01001CF81C8266C300E14760 /* MainViewController.swift in Sources */,
			);
			runOnlyForDeploymentPostprocessing = 0;
		};
		01773AFA1C80A3970063339C /* Sources */ = {
			isa = PBXSourcesBuildPhase;
			buildActionMask = 2147483647;
			files = (
				01773B031C80A3970063339C /* autonomous_driving_appTests.swift in Sources */,
			);
			runOnlyForDeploymentPostprocessing = 0;
		};
		01773B051C80A3970063339C /* Sources */ = {
			isa = PBXSourcesBuildPhase;
			buildActionMask = 2147483647;
			files = (
				01773B0E1C80A3970063339C /* autonomous_driving_appUITests.swift in Sources */,
			);
			runOnlyForDeploymentPostprocessing = 0;
		};
/* End PBXSourcesBuildPhase section */

/* Begin PBXTargetDependency section */
		01773B001C80A3970063339C /* PBXTargetDependency */ = {
			isa = PBXTargetDependency;
			target = 01773AE71C80A3960063339C /* autonomous-driving-app */;
			targetProxy = 01773AFF1C80A3970063339C /* PBXContainerItemProxy */;
		};
		01773B0B1C80A3970063339C /* PBXTargetDependency */ = {
			isa = PBXTargetDependency;
			target = 01773AE71C80A3960063339C /* autonomous-driving-app */;
			targetProxy = 01773B0A1C80A3970063339C /* PBXContainerItemProxy */;
		};
/* End PBXTargetDependency section */

/* Begin PBXVariantGroup section */
		01773AF11C80A3960063339C /* Main.storyboard */ = {
			isa = PBXVariantGroup;
			children = (
				01773AF21C80A3960063339C /* Base */,
			);
			name = Main.storyboard;
			sourceTree = "<group>";
		};
		01773AF61C80A3960063339C /* LaunchScreen.storyboard */ = {
			isa = PBXVariantGroup;
			children = (
				01773AF71C80A3960063339C /* Base */,
			);
			name = LaunchScreen.storyboard;
			sourceTree = "<group>";
		};
/* End PBXVariantGroup section */

/* Begin XCBuildConfiguration section */
		01773B101C80A3970063339C /* Debug */ = {
			isa = XCBuildConfiguration;
			buildSettings = {
				ALWAYS_SEARCH_USER_PATHS = NO;
				CLANG_CXX_LANGUAGE_STANDARD = "gnu++0x";
				CLANG_CXX_LIBRARY = "libc++";
				CLANG_ENABLE_MODULES = YES;
				CLANG_ENABLE_OBJC_ARC = YES;
				CLANG_WARN_BOOL_CONVERSION = YES;
				CLANG_WARN_CONSTANT_CONVERSION = YES;
				CLANG_WARN_DIRECT_OBJC_ISA_USAGE = YES_ERROR;
				CLANG_WARN_EMPTY_BODY = YES;
				CLANG_WARN_ENUM_CONVERSION = YES;
				CLANG_WARN_INT_CONVERSION = YES;
				CLANG_WARN_OBJC_ROOT_CLASS = YES_ERROR;
				CLANG_WARN_UNREACHABLE_CODE = YES;
				CLANG_WARN__DUPLICATE_METHOD_MATCH = YES;
				"CODE_SIGN_IDENTITY[sdk=iphoneos*]" = "iPhone Developer";
				COPY_PHASE_STRIP = NO;
				DEBUG_INFORMATION_FORMAT = dwarf;
				ENABLE_STRICT_OBJC_MSGSEND = YES;
				ENABLE_TESTABILITY = YES;
				GCC_C_LANGUAGE_STANDARD = gnu99;
				GCC_DYNAMIC_NO_PIC = NO;
				GCC_NO_COMMON_BLOCKS = YES;
				GCC_OPTIMIZATION_LEVEL = 0;
				GCC_PREPROCESSOR_DEFINITIONS = (
					"DEBUG=1",
					"$(inherited)",
				);
				GCC_WARN_64_TO_32_BIT_CONVERSION = YES;
				GCC_WARN_ABOUT_RETURN_TYPE = YES_ERROR;
				GCC_WARN_UNDECLARED_SELECTOR = YES;
				GCC_WARN_UNINITIALIZED_AUTOS = YES_AGGRESSIVE;
				GCC_WARN_UNUSED_FUNCTION = YES;
				GCC_WARN_UNUSED_VARIABLE = YES;
				IPHONEOS_DEPLOYMENT_TARGET = 9.1;
				MTL_ENABLE_DEBUG_INFO = YES;
				ONLY_ACTIVE_ARCH = YES;
				SDKROOT = iphoneos;
				SWIFT_OPTIMIZATION_LEVEL = "-Onone";
				TARGETED_DEVICE_FAMILY = "1,2";
			};
			name = Debug;
		};
		01773B111C80A3970063339C /* Release */ = {
			isa = XCBuildConfiguration;
			buildSettings = {
				ALWAYS_SEARCH_USER_PATHS = NO;
				CLANG_CXX_LANGUAGE_STANDARD = "gnu++0x";
				CLANG_CXX_LIBRARY = "libc++";
				CLANG_ENABLE_MODULES = YES;
				CLANG_ENABLE_OBJC_ARC = YES;
				CLANG_WARN_BOOL_CONVERSION = YES;
				CLANG_WARN_CONSTANT_CONVERSION = YES;
				CLANG_WARN_DIRECT_OBJC_ISA_USAGE = YES_ERROR;
				CLANG_WARN_EMPTY_BODY = YES;
				CLANG_WARN_ENUM_CONVERSION = YES;
				CLANG_WARN_INT_CONVERSION = YES;
				CLANG_WARN_OBJC_ROOT_CLASS = YES_ERROR;
				CLANG_WARN_UNREACHABLE_CODE = YES;
				CLANG_WARN__DUPLICATE_METHOD_MATCH = YES;
				"CODE_SIGN_IDENTITY[sdk=iphoneos*]" = "iPhone Developer";
				COPY_PHASE_STRIP = NO;
				DEBUG_INFORMATION_FORMAT = "dwarf-with-dsym";
				ENABLE_NS_ASSERTIONS = NO;
				ENABLE_STRICT_OBJC_MSGSEND = YES;
				GCC_C_LANGUAGE_STANDARD = gnu99;
				GCC_NO_COMMON_BLOCKS = YES;
				GCC_WARN_64_TO_32_BIT_CONVERSION = YES;
				GCC_WARN_ABOUT_RETURN_TYPE = YES_ERROR;
				GCC_WARN_UNDECLARED_SELECTOR = YES;
				GCC_WARN_UNINITIALIZED_AUTOS = YES_AGGRESSIVE;
				GCC_WARN_UNUSED_FUNCTION = YES;
				GCC_WARN_UNUSED_VARIABLE = YES;
				IPHONEOS_DEPLOYMENT_TARGET = 9.1;
				MTL_ENABLE_DEBUG_INFO = NO;
				SDKROOT = iphoneos;
				TARGETED_DEVICE_FAMILY = "1,2";
				VALIDATE_PRODUCT = YES;
			};
			name = Release;
		};
		01773B131C80A3970063339C /* Debug */ = {
			isa = XCBuildConfiguration;
			baseConfigurationReference = E98F9F51D9EB07A449DFA34E /* Pods-autonomous-driving-app.debug.xcconfig */;
			buildSettings = {
				ASSETCATALOG_COMPILER_APPICON_NAME = AppIcon;
				CLANG_ENABLE_MODULES = YES;
				INFOPLIST_FILE = "autonomous-driving-app/Info.plist";
				LD_RUNPATH_SEARCH_PATHS = "$(inherited) @executable_path/Frameworks";
				PRODUCT_BUNDLE_IDENTIFIER = "com.tum.autonomous-driving-app.autonomous-driving-app";
				PRODUCT_NAME = "$(TARGET_NAME)";
				SWIFT_OBJC_BRIDGING_HEADER = "autonomous-driving-app/autonomous-driving-app-Bridging-Header.h";
				SWIFT_OPTIMIZATION_LEVEL = "-Onone";
			};
			name = Debug;
		};
		01773B141C80A3970063339C /* Release */ = {
			isa = XCBuildConfiguration;
			baseConfigurationReference = 63ABFA74AF1F5BFE2BC74A29 /* Pods-autonomous-driving-app.release.xcconfig */;
			buildSettings = {
				ASSETCATALOG_COMPILER_APPICON_NAME = AppIcon;
				CLANG_ENABLE_MODULES = YES;
				INFOPLIST_FILE = "autonomous-driving-app/Info.plist";
				LD_RUNPATH_SEARCH_PATHS = "$(inherited) @executable_path/Frameworks";
				PRODUCT_BUNDLE_IDENTIFIER = "com.tum.autonomous-driving-app.autonomous-driving-app";
				PRODUCT_NAME = "$(TARGET_NAME)";
				SWIFT_OBJC_BRIDGING_HEADER = "autonomous-driving-app/autonomous-driving-app-Bridging-Header.h";
			};
			name = Release;
		};
		01773B161C80A3970063339C /* Debug */ = {
			isa = XCBuildConfiguration;
			buildSettings = {
				BUNDLE_LOADER = "$(TEST_HOST)";
				INFOPLIST_FILE = "autonomous-driving-appTests/Info.plist";
				LD_RUNPATH_SEARCH_PATHS = "$(inherited) @executable_path/Frameworks @loader_path/Frameworks";
				PRODUCT_BUNDLE_IDENTIFIER = "com.tum.autonomous-driving-app.autonomous-driving-appTests";
				PRODUCT_NAME = "$(TARGET_NAME)";
				TEST_HOST = "$(BUILT_PRODUCTS_DIR)/autonomous-driving-app.app/autonomous-driving-app";
			};
			name = Debug;
		};
		01773B171C80A3970063339C /* Release */ = {
			isa = XCBuildConfiguration;
			buildSettings = {
				BUNDLE_LOADER = "$(TEST_HOST)";
				INFOPLIST_FILE = "autonomous-driving-appTests/Info.plist";
				LD_RUNPATH_SEARCH_PATHS = "$(inherited) @executable_path/Frameworks @loader_path/Frameworks";
				PRODUCT_BUNDLE_IDENTIFIER = "com.tum.autonomous-driving-app.autonomous-driving-appTests";
				PRODUCT_NAME = "$(TARGET_NAME)";
				TEST_HOST = "$(BUILT_PRODUCTS_DIR)/autonomous-driving-app.app/autonomous-driving-app";
			};
			name = Release;
		};
		01773B191C80A3970063339C /* Debug */ = {
			isa = XCBuildConfiguration;
			buildSettings = {
				INFOPLIST_FILE = "autonomous-driving-appUITests/Info.plist";
				LD_RUNPATH_SEARCH_PATHS = "$(inherited) @executable_path/Frameworks @loader_path/Frameworks";
				PRODUCT_BUNDLE_IDENTIFIER = "com.tum.autonomous-driving-app.autonomous-driving-appUITests";
				PRODUCT_NAME = "$(TARGET_NAME)";
				TEST_TARGET_NAME = "autonomous-driving-app";
				USES_XCTRUNNER = YES;
			};
			name = Debug;
		};
		01773B1A1C80A3970063339C /* Release */ = {
			isa = XCBuildConfiguration;
			buildSettings = {
				INFOPLIST_FILE = "autonomous-driving-appUITests/Info.plist";
				LD_RUNPATH_SEARCH_PATHS = "$(inherited) @executable_path/Frameworks @loader_path/Frameworks";
				PRODUCT_BUNDLE_IDENTIFIER = "com.tum.autonomous-driving-app.autonomous-driving-appUITests";
				PRODUCT_NAME = "$(TARGET_NAME)";
				TEST_TARGET_NAME = "autonomous-driving-app";
				USES_XCTRUNNER = YES;
			};
			name = Release;
		};
/* End XCBuildConfiguration section */

/* Begin XCConfigurationList section */
		01773AE31C80A3960063339C /* Build configuration list for PBXProject "autonomous-driving-app" */ = {
			isa = XCConfigurationList;
			buildConfigurations = (
				01773B101C80A3970063339C /* Debug */,
				01773B111C80A3970063339C /* Release */,
			);
			defaultConfigurationIsVisible = 0;
			defaultConfigurationName = Release;
		};
		01773B121C80A3970063339C /* Build configuration list for PBXNativeTarget "autonomous-driving-app" */ = {
			isa = XCConfigurationList;
			buildConfigurations = (
				01773B131C80A3970063339C /* Debug */,
				01773B141C80A3970063339C /* Release */,
			);
			defaultConfigurationIsVisible = 0;
			defaultConfigurationName = Release;
		};
		01773B151C80A3970063339C /* Build configuration list for PBXNativeTarget "autonomous-driving-appTests" */ = {
			isa = XCConfigurationList;
			buildConfigurations = (
				01773B161C80A3970063339C /* Debug */,
				01773B171C80A3970063339C /* Release */,
			);
			defaultConfigurationIsVisible = 0;
			defaultConfigurationName = Release;
		};
		01773B181C80A3970063339C /* Build configuration list for PBXNativeTarget "autonomous-driving-appUITests" */ = {
			isa = XCConfigurationList;
			buildConfigurations = (
				01773B191C80A3970063339C /* Debug */,
				01773B1A1C80A3970063339C /* Release */,
			);
			defaultConfigurationIsVisible = 0;
			defaultConfigurationName = Release;
		};
/* End XCConfigurationList section */
	};
	rootObject = 01773AE01C80A3960063339C /* Project object */;
}
